
Microsoft Visual Studio Solution File, Format Version 12.00
# Visual Studio 2013
VisualStudioVersion = 12.0.31101.0
MinimumVisualStudioVersion = 10.0.40219.1
Project("{FAE04EC0-301F-11D3-BF4B-00C04F79EFBC}") = "XamarinStore.Forms.iOS", "XamarinStore.Forms\XamarinStore.Forms.iOS\XamarinStore.Forms.iOS.csproj", "{9207130D-5ECC-4AFA-B906-B51422A4DCF5}"
EndProject
Project("{FAE04EC0-301F-11D3-BF4B-00C04F79EFBC}") = "XamarinStore.Forms.Droid", "XamarinStore.Forms\XamarinStore.Forms.Droid\XamarinStore.Forms.Droid.csproj", "{1805E007-E844-4A81-B07F-0FDA6F22BA65}"
EndProject
Project("{FAE04EC0-301F-11D3-BF4B-00C04F79EFBC}") = "XamarinStore.Forms.WinPhone", "XamarinStore.Forms\XamarinStore.Forms.WinPhone\XamarinStore.Forms.WinPhone.csproj", "{208F1E15-C99C-4306-9C3D-320076F45B43}"
EndProject
Project("{D954291E-2A0B-460D-934E-DC6B0785DB48}") = "XamarinStore.Shared", "XamarinStore.Shared\XamarinStore.Shared.shproj", "{6D3CCF33-A627-4657-80D3-476ED218D87A}"
EndProject
Project("{FAE04EC0-301F-11D3-BF4B-00C04F79EFBC}") = "XamarinStore.Forms", "XamarinStore.Forms\XamarinStore.Forms\XamarinStore.Forms.csproj", "{D6042EC4-7FA7-4160-999C-F47380F3DD96}"
EndProject
Global
	GlobalSection(SharedMSBuildProjectFiles) = preSolution
		XamarinStore.Shared\XamarinStore.Shared.projitems*{6d3ccf33-a627-4657-80d3-476ed218d87a}*SharedItemsImports = 13
		XamarinStore.Shared\XamarinStore.Shared.projitems*{1805e007-e844-4a81-b07f-0fda6f22ba65}*SharedItemsImports = 4
		XamarinStore.Shared\XamarinStore.Shared.projitems*{d6042ec4-7fa7-4160-999c-f47380f3dd96}*SharedItemsImports = 4
	EndGlobalSection
	GlobalSection(SolutionConfigurationPlatforms) = preSolution
		Ad-Hoc|Any CPU = Ad-Hoc|Any CPU
		Ad-Hoc|ARM = Ad-Hoc|ARM
		Ad-Hoc|iPhone = Ad-Hoc|iPhone
		Ad-Hoc|iPhoneSimulator = Ad-Hoc|iPhoneSimulator
		Ad-Hoc|Mixed Platforms = Ad-Hoc|Mixed Platforms
		Ad-Hoc|x86 = Ad-Hoc|x86
		AppStore|Any CPU = AppStore|Any CPU
		AppStore|ARM = AppStore|ARM
		AppStore|iPhone = AppStore|iPhone
		AppStore|iPhoneSimulator = AppStore|iPhoneSimulator
		AppStore|Mixed Platforms = AppStore|Mixed Platforms
		AppStore|x86 = AppStore|x86
		Debug|Any CPU = Debug|Any CPU
		Debug|ARM = Debug|ARM
		Debug|iPhone = Debug|iPhone
		Debug|iPhoneSimulator = Debug|iPhoneSimulator
		Debug|Mixed Platforms = Debug|Mixed Platforms
		Debug|x86 = Debug|x86
		Release|Any CPU = Release|Any CPU
		Release|ARM = Release|ARM
		Release|iPhone = Release|iPhone
		Release|iPhoneSimulator = Release|iPhoneSimulator
		Release|Mixed Platforms = Release|Mixed Platforms
		Release|x86 = Release|x86
	EndGlobalSection
	GlobalSection(ProjectConfigurationPlatforms) = postSolution
		{9207130D-5ECC-4AFA-B906-B51422A4DCF5}.Ad-Hoc|Any CPU.ActiveCfg = Ad-Hoc|iPhone
		{9207130D-5ECC-4AFA-B906-B51422A4DCF5}.Ad-Hoc|ARM.ActiveCfg = Ad-Hoc|iPhone
		{9207130D-5ECC-4AFA-B906-B51422A4DCF5}.Ad-Hoc|iPhone.ActiveCfg = Ad-Hoc|iPhone
		{9207130D-5ECC-4AFA-B906-B51422A4DCF5}.Ad-Hoc|iPhone.Build.0 = Ad-Hoc|iPhone
		{9207130D-5ECC-4AFA-B906-B51422A4DCF5}.Ad-Hoc|iPhoneSimulator.ActiveCfg = Ad-Hoc|iPhoneSimulator
		{9207130D-5ECC-4AFA-B906-B51422A4DCF5}.Ad-Hoc|iPhoneSimulator.Build.0 = Ad-Hoc|iPhoneSimulator
		{9207130D-5ECC-4AFA-B906-B51422A4DCF5}.Ad-Hoc|Mixed Platforms.ActiveCfg = Ad-Hoc|iPhone
		{9207130D-5ECC-4AFA-B906-B51422A4DCF5}.Ad-Hoc|Mixed Platforms.Build.0 = Ad-Hoc|iPhone
		{9207130D-5ECC-4AFA-B906-B51422A4DCF5}.Ad-Hoc|x86.ActiveCfg = Ad-Hoc|iPhone
		{9207130D-5ECC-4AFA-B906-B51422A4DCF5}.AppStore|Any CPU.ActiveCfg = AppStore|iPhone
		{9207130D-5ECC-4AFA-B906-B51422A4DCF5}.AppStore|ARM.ActiveCfg = AppStore|iPhone
		{9207130D-5ECC-4AFA-B906-B51422A4DCF5}.AppStore|iPhone.ActiveCfg = AppStore|iPhone
		{9207130D-5ECC-4AFA-B906-B51422A4DCF5}.AppStore|iPhone.Build.0 = AppStore|iPhone
		{9207130D-5ECC-4AFA-B906-B51422A4DCF5}.AppStore|iPhoneSimulator.ActiveCfg = AppStore|iPhoneSimulator
		{9207130D-5ECC-4AFA-B906-B51422A4DCF5}.AppStore|iPhoneSimulator.Build.0 = AppStore|iPhoneSimulator
		{9207130D-5ECC-4AFA-B906-B51422A4DCF5}.AppStore|Mixed Platforms.ActiveCfg = AppStore|iPhone
		{9207130D-5ECC-4AFA-B906-B51422A4DCF5}.AppStore|Mixed Platforms.Build.0 = AppStore|iPhone
		{9207130D-5ECC-4AFA-B906-B51422A4DCF5}.AppStore|x86.ActiveCfg = AppStore|iPhone
		{9207130D-5ECC-4AFA-B906-B51422A4DCF5}.Debug|Any CPU.ActiveCfg = Debug|iPhone
		{9207130D-5ECC-4AFA-B906-B51422A4DCF5}.Debug|ARM.ActiveCfg = Debug|iPhone
		{9207130D-5ECC-4AFA-B906-B51422A4DCF5}.Debug|iPhone.ActiveCfg = Debug|iPhone
		{9207130D-5ECC-4AFA-B906-B51422A4DCF5}.Debug|iPhone.Build.0 = Debug|iPhone
		{9207130D-5ECC-4AFA-B906-B51422A4DCF5}.Debug|iPhoneSimulator.ActiveCfg = Debug|iPhoneSimulator
		{9207130D-5ECC-4AFA-B906-B51422A4DCF5}.Debug|iPhoneSimulator.Build.0 = Debug|iPhoneSimulator
		{9207130D-5ECC-4AFA-B906-B51422A4DCF5}.Debug|Mixed Platforms.ActiveCfg = Debug|iPhone
		{9207130D-5ECC-4AFA-B906-B51422A4DCF5}.Debug|Mixed Platforms.Build.0 = Debug|iPhone
		{9207130D-5ECC-4AFA-B906-B51422A4DCF5}.Debug|x86.ActiveCfg = Debug|iPhone
		{9207130D-5ECC-4AFA-B906-B51422A4DCF5}.Release|Any CPU.ActiveCfg = Release|iPhone
		{9207130D-5ECC-4AFA-B906-B51422A4DCF5}.Release|ARM.ActiveCfg = Release|iPhone
		{9207130D-5ECC-4AFA-B906-B51422A4DCF5}.Release|iPhone.ActiveCfg = Release|iPhone
		{9207130D-5ECC-4AFA-B906-B51422A4DCF5}.Release|iPhone.Build.0 = Release|iPhone
		{9207130D-5ECC-4AFA-B906-B51422A4DCF5}.Release|iPhoneSimulator.ActiveCfg = Release|iPhoneSimulator
		{9207130D-5ECC-4AFA-B906-B51422A4DCF5}.Release|iPhoneSimulator.Build.0 = Release|iPhoneSimulator
		{9207130D-5ECC-4AFA-B906-B51422A4DCF5}.Release|Mixed Platforms.ActiveCfg = Release|iPhone
		{9207130D-5ECC-4AFA-B906-B51422A4DCF5}.Release|Mixed Platforms.Build.0 = Release|iPhone
		{9207130D-5ECC-4AFA-B906-B51422A4DCF5}.Release|x86.ActiveCfg = Release|iPhone
		{1805E007-E844-4A81-B07F-0FDA6F22BA65}.Ad-Hoc|Any CPU.ActiveCfg = Release|Any CPU
		{1805E007-E844-4A81-B07F-0FDA6F22BA65}.Ad-Hoc|Any CPU.Build.0 = Release|Any CPU
		{1805E007-E844-4A81-B07F-0FDA6F22BA65}.Ad-Hoc|Any CPU.Deploy.0 = Release|Any CPU
		{1805E007-E844-4A81-B07F-0FDA6F22BA65}.Ad-Hoc|ARM.ActiveCfg = Release|Any CPU
		{1805E007-E844-4A81-B07F-0FDA6F22BA65}.Ad-Hoc|iPhone.ActiveCfg = Release|Any CPU
		{1805E007-E844-4A81-B07F-0FDA6F22BA65}.Ad-Hoc|iPhoneSimulator.ActiveCfg = Release|Any CPU
		{1805E007-E844-4A81-B07F-0FDA6F22BA65}.Ad-Hoc|Mixed Platforms.ActiveCfg = Release|Any CPU
		{1805E007-E844-4A81-B07F-0FDA6F22BA65}.Ad-Hoc|Mixed Platforms.Build.0 = Release|Any CPU
		{1805E007-E844-4A81-B07F-0FDA6F22BA65}.Ad-Hoc|Mixed Platforms.Deploy.0 = Release|Any CPU
		{1805E007-E844-4A81-B07F-0FDA6F22BA65}.Ad-Hoc|x86.ActiveCfg = Release|Any CPU
		{1805E007-E844-4A81-B07F-0FDA6F22BA65}.AppStore|Any CPU.ActiveCfg = Release|Any CPU
		{1805E007-E844-4A81-B07F-0FDA6F22BA65}.AppStore|Any CPU.Build.0 = Release|Any CPU
		{1805E007-E844-4A81-B07F-0FDA6F22BA65}.AppStore|Any CPU.Deploy.0 = Release|Any CPU
		{1805E007-E844-4A81-B07F-0FDA6F22BA65}.AppStore|ARM.ActiveCfg = Release|Any CPU
		{1805E007-E844-4A81-B07F-0FDA6F22BA65}.AppStore|iPhone.ActiveCfg = Release|Any CPU
		{1805E007-E844-4A81-B07F-0FDA6F22BA65}.AppStore|iPhoneSimulator.ActiveCfg = Release|Any CPU
		{1805E007-E844-4A81-B07F-0FDA6F22BA65}.AppStore|Mixed Platforms.ActiveCfg = Release|Any CPU
		{1805E007-E844-4A81-B07F-0FDA6F22BA65}.AppStore|Mixed Platforms.Build.0 = Release|Any CPU
		{1805E007-E844-4A81-B07F-0FDA6F22BA65}.AppStore|Mixed Platforms.Deploy.0 = Release|Any CPU
		{1805E007-E844-4A81-B07F-0FDA6F22BA65}.AppStore|x86.ActiveCfg = Release|Any CPU
		{1805E007-E844-4A81-B07F-0FDA6F22BA65}.Debug|Any CPU.ActiveCfg = Debug|Any CPU
		{1805E007-E844-4A81-B07F-0FDA6F22BA65}.Debug|Any CPU.Build.0 = Debug|Any CPU
		{1805E007-E844-4A81-B07F-0FDA6F22BA65}.Debug|Any CPU.Deploy.0 = Debug|Any CPU
		{1805E007-E844-4A81-B07F-0FDA6F22BA65}.Debug|ARM.ActiveCfg = Debug|Any CPU
		{1805E007-E844-4A81-B07F-0FDA6F22BA65}.Debug|iPhone.ActiveCfg = Debug|Any CPU
		{1805E007-E844-4A81-B07F-0FDA6F22BA65}.Debug|iPhoneSimulator.ActiveCfg = Debug|Any CPU
		{1805E007-E844-4A81-B07F-0FDA6F22BA65}.Debug|Mixed Platforms.ActiveCfg = Debug|Any CPU
		{1805E007-E844-4A81-B07F-0FDA6F22BA65}.Debug|Mixed Platforms.Build.0 = Debug|Any CPU
		{1805E007-E844-4A81-B07F-0FDA6F22BA65}.Debug|Mixed Platforms.Deploy.0 = Debug|Any CPU
		{1805E007-E844-4A81-B07F-0FDA6F22BA65}.Debug|x86.ActiveCfg = Debug|Any CPU
		{1805E007-E844-4A81-B07F-0FDA6F22BA65}.Release|Any CPU.ActiveCfg = Release|Any CPU
		{1805E007-E844-4A81-B07F-0FDA6F22BA65}.Release|Any CPU.Build.0 = Release|Any CPU
		{1805E007-E844-4A81-B07F-0FDA6F22BA65}.Release|Any CPU.Deploy.0 = Release|Any CPU
		{1805E007-E844-4A81-B07F-0FDA6F22BA65}.Release|ARM.ActiveCfg = Release|Any CPU
		{1805E007-E844-4A81-B07F-0FDA6F22BA65}.Release|iPhone.ActiveCfg = Release|Any CPU
		{1805E007-E844-4A81-B07F-0FDA6F22BA65}.Release|iPhoneSimulator.ActiveCfg = Release|Any CPU
		{1805E007-E844-4A81-B07F-0FDA6F22BA65}.Release|Mixed Platforms.ActiveCfg = Release|Any CPU
		{1805E007-E844-4A81-B07F-0FDA6F22BA65}.Release|Mixed Platforms.Build.0 = Release|Any CPU
		{1805E007-E844-4A81-B07F-0FDA6F22BA65}.Release|Mixed Platforms.Deploy.0 = Release|Any CPU
		{1805E007-E844-4A81-B07F-0FDA6F22BA65}.Release|x86.ActiveCfg = Release|Any CPU
		{208F1E15-C99C-4306-9C3D-320076F45B43}.Ad-Hoc|Any CPU.ActiveCfg = Release|Any CPU
		{208F1E15-C99C-4306-9C3D-320076F45B43}.Ad-Hoc|Any CPU.Build.0 = Release|Any CPU
		{208F1E15-C99C-4306-9C3D-320076F45B43}.Ad-Hoc|Any CPU.Deploy.0 = Release|Any CPU
		{208F1E15-C99C-4306-9C3D-320076F45B43}.Ad-Hoc|ARM.ActiveCfg = Release|ARM
		{208F1E15-C99C-4306-9C3D-320076F45B43}.Ad-Hoc|ARM.Build.0 = Release|ARM
		{208F1E15-C99C-4306-9C3D-320076F45B43}.Ad-Hoc|ARM.Deploy.0 = Release|ARM
		{208F1E15-C99C-4306-9C3D-320076F45B43}.Ad-Hoc|iPhone.ActiveCfg = Release|Any CPU
		{208F1E15-C99C-4306-9C3D-320076F45B43}.Ad-Hoc|iPhoneSimulator.ActiveCfg = Release|Any CPU
		{208F1E15-C99C-4306-9C3D-320076F45B43}.Ad-Hoc|Mixed Platforms.ActiveCfg = Release|x86
		{208F1E15-C99C-4306-9C3D-320076F45B43}.Ad-Hoc|Mixed Platforms.Build.0 = Release|x86
		{208F1E15-C99C-4306-9C3D-320076F45B43}.Ad-Hoc|Mixed Platforms.Deploy.0 = Release|x86
		{208F1E15-C99C-4306-9C3D-320076F45B43}.Ad-Hoc|x86.ActiveCfg = Release|x86
		{208F1E15-C99C-4306-9C3D-320076F45B43}.Ad-Hoc|x86.Build.0 = Release|x86
		{208F1E15-C99C-4306-9C3D-320076F45B43}.Ad-Hoc|x86.Deploy.0 = Release|x86
		{208F1E15-C99C-4306-9C3D-320076F45B43}.AppStore|Any CPU.ActiveCfg = Release|Any CPU
		{208F1E15-C99C-4306-9C3D-320076F45B43}.AppStore|Any CPU.Build.0 = Release|Any CPU
		{208F1E15-C99C-4306-9C3D-320076F45B43}.AppStore|Any CPU.Deploy.0 = Release|Any CPU
		{208F1E15-C99C-4306-9C3D-320076F45B43}.AppStore|ARM.ActiveCfg = Release|ARM
		{208F1E15-C99C-4306-9C3D-320076F45B43}.AppStore|ARM.Build.0 = Release|ARM
		{208F1E15-C99C-4306-9C3D-320076F45B43}.AppStore|ARM.Deploy.0 = Release|ARM
		{208F1E15-C99C-4306-9C3D-320076F45B43}.AppStore|iPhone.ActiveCfg = Release|Any CPU
		{208F1E15-C99C-4306-9C3D-320076F45B43}.AppStore|iPhoneSimulator.ActiveCfg = Release|Any CPU
		{208F1E15-C99C-4306-9C3D-320076F45B43}.AppStore|Mixed Platforms.ActiveCfg = Release|x86
		{208F1E15-C99C-4306-9C3D-320076F45B43}.AppStore|Mixed Platforms.Build.0 = Release|x86
		{208F1E15-C99C-4306-9C3D-320076F45B43}.AppStore|Mixed Platforms.Deploy.0 = Release|x86
		{208F1E15-C99C-4306-9C3D-320076F45B43}.AppStore|x86.ActiveCfg = Release|x86
		{208F1E15-C99C-4306-9C3D-320076F45B43}.AppStore|x86.Build.0 = Release|x86
		{208F1E15-C99C-4306-9C3D-320076F45B43}.AppStore|x86.Deploy.0 = Release|x86
		{208F1E15-C99C-4306-9C3D-320076F45B43}.Debug|Any CPU.ActiveCfg = Debug|Any CPU
		{208F1E15-C99C-4306-9C3D-320076F45B43}.Debug|Any CPU.Build.0 = Debug|Any CPU
		{208F1E15-C99C-4306-9C3D-320076F45B43}.Debug|Any CPU.Deploy.0 = Debug|Any CPU
		{208F1E15-C99C-4306-9C3D-320076F45B43}.Debug|ARM.ActiveCfg = Debug|ARM
		{208F1E15-C99C-4306-9C3D-320076F45B43}.Debug|ARM.Build.0 = Debug|ARM
		{208F1E15-C99C-4306-9C3D-320076F45B43}.Debug|ARM.Deploy.0 = Debug|ARM
		{208F1E15-C99C-4306-9C3D-320076F45B43}.Debug|iPhone.ActiveCfg = Debug|Any CPU
		{208F1E15-C99C-4306-9C3D-320076F45B43}.Debug|iPhoneSimulator.ActiveCfg = Debug|Any CPU
		{208F1E15-C99C-4306-9C3D-320076F45B43}.Debug|Mixed Platforms.ActiveCfg = Debug|x86
		{208F1E15-C99C-4306-9C3D-320076F45B43}.Debug|Mixed Platforms.Build.0 = Debug|x86
		{208F1E15-C99C-4306-9C3D-320076F45B43}.Debug|Mixed Platforms.Deploy.0 = Debug|x86
		{208F1E15-C99C-4306-9C3D-320076F45B43}.Debug|x86.ActiveCfg = Debug|x86
		{208F1E15-C99C-4306-9C3D-320076F45B43}.Debug|x86.Build.0 = Debug|x86
		{208F1E15-C99C-4306-9C3D-320076F45B43}.Debug|x86.Deploy.0 = Debug|x86
		{208F1E15-C99C-4306-9C3D-320076F45B43}.Release|Any CPU.ActiveCfg = Release|Any CPU
		{208F1E15-C99C-4306-9C3D-320076F45B43}.Release|Any CPU.Build.0 = Release|Any CPU
		{208F1E15-C99C-4306-9C3D-320076F45B43}.Release|Any CPU.Deploy.0 = Release|Any CPU
		{208F1E15-C99C-4306-9C3D-320076F45B43}.Release|ARM.ActiveCfg = Release|ARM
		{208F1E15-C99C-4306-9C3D-320076F45B43}.Release|ARM.Build.0 = Release|ARM
		{208F1E15-C99C-4306-9C3D-320076F45B43}.Release|ARM.Deploy.0 = Release|ARM
		{208F1E15-C99C-4306-9C3D-320076F45B43}.Release|iPhone.ActiveCfg = Release|Any CPU
		{208F1E15-C99C-4306-9C3D-320076F45B43}.Release|iPhoneSimulator.ActiveCfg = Release|Any CPU
		{208F1E15-C99C-4306-9C3D-320076F45B43}.Release|Mixed Platforms.ActiveCfg = Release|x86
		{208F1E15-C99C-4306-9C3D-320076F45B43}.Release|Mixed Platforms.Build.0 = Release|x86
		{208F1E15-C99C-4306-9C3D-320076F45B43}.Release|Mixed Platforms.Deploy.0 = Release|x86
		{208F1E15-C99C-4306-9C3D-320076F45B43}.Release|x86.ActiveCfg = Release|x86
		{208F1E15-C99C-4306-9C3D-320076F45B43}.Release|x86.Build.0 = Release|x86
		{208F1E15-C99C-4306-9C3D-320076F45B43}.Release|x86.Deploy.0 = Release|x86
		{D6042EC4-7FA7-4160-999C-F47380F3DD96}.Ad-Hoc|Any CPU.ActiveCfg = Release|Any CPU
		{D6042EC4-7FA7-4160-999C-F47380F3DD96}.Ad-Hoc|Any CPU.Build.0 = Release|Any CPU
		{D6042EC4-7FA7-4160-999C-F47380F3DD96}.Ad-Hoc|ARM.ActiveCfg = Release|Any CPU
		{D6042EC4-7FA7-4160-999C-F47380F3DD96}.Ad-Hoc|iPhone.ActiveCfg = Release|Any CPU
		{D6042EC4-7FA7-4160-999C-F47380F3DD96}.Ad-Hoc|iPhoneSimulator.ActiveCfg = Release|Any CPU
		{D6042EC4-7FA7-4160-999C-F47380F3DD96}.Ad-Hoc|Mixed Platforms.ActiveCfg = Release|Any CPU
		{D6042EC4-7FA7-4160-999C-F47380F3DD96}.Ad-Hoc|Mixed Platforms.Build.0 = Release|Any CPU
		{D6042EC4-7FA7-4160-999C-F47380F3DD96}.Ad-Hoc|x86.ActiveCfg = Release|Any CPU
		{D6042EC4-7FA7-4160-999C-F47380F3DD96}.AppStore|Any CPU.ActiveCfg = Release|Any CPU
		{D6042EC4-7FA7-4160-999C-F47380F3DD96}.AppStore|Any CPU.Build.0 = Release|Any CPU
		{D6042EC4-7FA7-4160-999C-F47380F3DD96}.AppStore|ARM.ActiveCfg = Release|Any CPU
		{D6042EC4-7FA7-4160-999C-F47380F3DD96}.AppStore|iPhone.ActiveCfg = Release|Any CPU
		{D6042EC4-7FA7-4160-999C-F47380F3DD96}.AppStore|iPhoneSimulator.ActiveCfg = Release|Any CPU
		{D6042EC4-7FA7-4160-999C-F47380F3DD96}.AppStore|Mixed Platforms.ActiveCfg = Release|Any CPU
		{D6042EC4-7FA7-4160-999C-F47380F3DD96}.AppStore|Mixed Platforms.Build.0 = Release|Any CPU
		{D6042EC4-7FA7-4160-999C-F47380F3DD96}.AppStore|x86.ActiveCfg = Release|Any CPU
		{D6042EC4-7FA7-4160-999C-F47380F3DD96}.Debug|Any CPU.ActiveCfg = Debug|Any CPU
		{D6042EC4-7FA7-4160-999C-F47380F3DD96}.Debug|Any CPU.Build.0 = Debug|Any CPU
		{D6042EC4-7FA7-4160-999C-F47380F3DD96}.Debug|ARM.ActiveCfg = Debug|Any CPU
		{D6042EC4-7FA7-4160-999C-F47380F3DD96}.Debug|iPhone.ActiveCfg = Debug|Any CPU
		{D6042EC4-7FA7-4160-999C-F47380F3DD96}.Debug|iPhoneSimulator.ActiveCfg = Debug|Any CPU
		{D6042EC4-7FA7-4160-999C-F47380F3DD96}.Debug|Mixed Platforms.ActiveCfg = Debug|Any CPU
		{D6042EC4-7FA7-4160-999C-F47380F3DD96}.Debug|Mixed Platforms.Build.0 = Debug|Any CPU
		{D6042EC4-7FA7-4160-999C-F47380F3DD96}.Debug|x86.ActiveCfg = Debug|Any CPU
		{D6042EC4-7FA7-4160-999C-F47380F3DD96}.Release|Any CPU.ActiveCfg = Release|Any CPU
		{D6042EC4-7FA7-4160-999C-F47380F3DD96}.Release|Any CPU.Build.0 = Release|Any CPU
		{D6042EC4-7FA7-4160-999C-F47380F3DD96}.Release|ARM.ActiveCfg = Release|Any CPU
		{D6042EC4-7FA7-4160-999C-F47380F3DD96}.Release|iPhone.ActiveCfg = Release|Any CPU
		{D6042EC4-7FA7-4160-999C-F47380F3DD96}.Release|iPhoneSimulator.ActiveCfg = Release|Any CPU
		{D6042EC4-7FA7-4160-999C-F47380F3DD96}.Release|Mixed Platforms.ActiveCfg = Release|Any CPU
		{D6042EC4-7FA7-4160-999C-F47380F3DD96}.Release|Mixed Platforms.Build.0 = Release|Any CPU
		{D6042EC4-7FA7-4160-999C-F47380F3DD96}.Release|x86.ActiveCfg = Release|Any CPU
	EndGlobalSection
	GlobalSection(SolutionProperties) = preSolution
		HideSolutionNode = FALSE
	EndGlobalSection
EndGlobal
